// !$*UTF8*$!
{
	archiveVersion = 1;
	classes = {
	};
	objectVersion = 55;
	objects = {

/* Begin PBXBuildFile section */
		09385CB48FA40554C6B2AEEF /* Pods_SimpleNotes.framework in Frameworks */ = {isa = PBXBuildFile; fileRef = 67D0F4EDDFADB1B9E912C456 /* Pods_SimpleNotes.framework */; };
		7F498AAA276FC22100202413 /* NewNoteViewController.swift in Sources */ = {isa = PBXBuildFile; fileRef = 7F498AA9276FC22100202413 /* NewNoteViewController.swift */; };
		7F498AAC2770398C00202413 /* EditTagsTableViewController.swift in Sources */ = {isa = PBXBuildFile; fileRef = 7F498AAB2770398C00202413 /* EditTagsTableViewController.swift */; };
		7F498ABE2771624200202413 /* NewTagViewController.swift in Sources */ = {isa = PBXBuildFile; fileRef = 7F498ABD2771624200202413 /* NewTagViewController.swift */; };
		7F498AC12771656900202413 /* DetailCollectionViewCell.swift in Sources */ = {isa = PBXBuildFile; fileRef = 7F498ABF2771656900202413 /* DetailCollectionViewCell.swift */; };
		7F498AC22771656900202413 /* DetailCollectionViewCell.xib in Resources */ = {isa = PBXBuildFile; fileRef = 7F498AC02771656900202413 /* DetailCollectionViewCell.xib */; };
		7F498AC627718CAA00202413 /* TagTableViewCell.swift in Sources */ = {isa = PBXBuildFile; fileRef = 7F498AC427718CAA00202413 /* TagTableViewCell.swift */; };
		7F498AC727718CAA00202413 /* TagTableViewCell.xib in Resources */ = {isa = PBXBuildFile; fileRef = 7F498AC527718CAA00202413 /* TagTableViewCell.xib */; };
		7F498B0D27722F4E00202413 /* SimpleNotesDataModel.xcdatamodeld in Sources */ = {isa = PBXBuildFile; fileRef = 7F498B0B27722F4E00202413 /* SimpleNotesDataModel.xcdatamodeld */; };
		7F498B572775719E00202413 /* CoreData.swift in Sources */ = {isa = PBXBuildFile; fileRef = 7F498B562775719E00202413 /* CoreData.swift */; };
		7F8358FB27792D0D007428A8 /* AllTags+CoreDataProperties copy.swift in Sources */ = {isa = PBXBuildFile; fileRef = 7F8358F527792D0C007428A8 /* AllTags+CoreDataProperties copy.swift */; };
		7F8358FC27792D0D007428A8 /* Note+CoreDataClass copy.swift in Sources */ = {isa = PBXBuildFile; fileRef = 7F8358F627792D0C007428A8 /* Note+CoreDataClass copy.swift */; };
		7F8358FD27792D0D007428A8 /* Note+CoreDataProperties copy.swift in Sources */ = {isa = PBXBuildFile; fileRef = 7F8358F727792D0C007428A8 /* Note+CoreDataProperties copy.swift */; };
		7F8358FE27792D0D007428A8 /* AllTags+CoreDataClass copy.swift in Sources */ = {isa = PBXBuildFile; fileRef = 7F8358F827792D0C007428A8 /* AllTags+CoreDataClass copy.swift */; };
		7F8358FF27792D0D007428A8 /* TagsForNote+CoreDataClass copy.swift in Sources */ = {isa = PBXBuildFile; fileRef = 7F8358F927792D0C007428A8 /* TagsForNote+CoreDataClass copy.swift */; };
		7F83590027792D0D007428A8 /* TagsForNote+CoreDataProperties copy.swift in Sources */ = {isa = PBXBuildFile; fileRef = 7F8358FA27792D0D007428A8 /* TagsForNote+CoreDataProperties copy.swift */; };
		7F8BBDF1276D6A98005B07C1 /* ReusableTableView.swift in Sources */ = {isa = PBXBuildFile; fileRef = 7F8BBDF0276D6A98005B07C1 /* ReusableTableView.swift */; };
		7F8BBDFC276ED795005B07C1 /* Extensions.swift in Sources */ = {isa = PBXBuildFile; fileRef = 7F8BBDFB276ED795005B07C1 /* Extensions.swift */; };
		7FEBEC6F276135DA0066F0C0 /* AppDelegate.swift in Sources */ = {isa = PBXBuildFile; fileRef = 7FEBEC6E276135DA0066F0C0 /* AppDelegate.swift */; };
		7FEBEC71276135DA0066F0C0 /* SceneDelegate.swift in Sources */ = {isa = PBXBuildFile; fileRef = 7FEBEC70276135DA0066F0C0 /* SceneDelegate.swift */; };
		7FEBEC73276135DA0066F0C0 /* ViewController.swift in Sources */ = {isa = PBXBuildFile; fileRef = 7FEBEC72276135DA0066F0C0 /* ViewController.swift */; };
		7FEBEC76276135DA0066F0C0 /* Main.storyboard in Resources */ = {isa = PBXBuildFile; fileRef = 7FEBEC74276135DA0066F0C0 /* Main.storyboard */; };
		7FEBEC78276135DC0066F0C0 /* Assets.xcassets in Resources */ = {isa = PBXBuildFile; fileRef = 7FEBEC77276135DC0066F0C0 /* Assets.xcassets */; };
		7FEBEC7B276135DC0066F0C0 /* LaunchScreen.storyboard in Resources */ = {isa = PBXBuildFile; fileRef = 7FEBEC79276135DC0066F0C0 /* LaunchScreen.storyboard */; };
		7FEBEC86276135DC0066F0C0 /* SimpleNotesTests.swift in Sources */ = {isa = PBXBuildFile; fileRef = 7FEBEC85276135DC0066F0C0 /* SimpleNotesTests.swift */; };
		7FEBEC90276135DC0066F0C0 /* SimpleNotesUITests.swift in Sources */ = {isa = PBXBuildFile; fileRef = 7FEBEC8F276135DC0066F0C0 /* SimpleNotesUITests.swift */; };
		7FEBEC92276135DC0066F0C0 /* SimpleNotesUITestsLaunchTests.swift in Sources */ = {isa = PBXBuildFile; fileRef = 7FEBEC91276135DC0066F0C0 /* SimpleNotesUITestsLaunchTests.swift */; };
		7FEBECA2276136280066F0C0 /* NoteTableViewCell.swift in Sources */ = {isa = PBXBuildFile; fileRef = 7FEBECA0276136280066F0C0 /* NoteTableViewCell.swift */; };
		7FEBECA3276136280066F0C0 /* NoteTableViewCell.xib in Resources */ = {isa = PBXBuildFile; fileRef = 7FEBECA1276136280066F0C0 /* NoteTableViewCell.xib */; };
		BAAE1C9BF6F1F3D2FF091F6A /* Pods_SimpleNotesTests.framework in Frameworks */ = {isa = PBXBuildFile; fileRef = FAC284EE6904B236A1F8B99D /* Pods_SimpleNotesTests.framework */; };
		E394CF16E1A31EB5A2A6B6E1 /* Pods_SimpleNotes_SimpleNotesUITests.framework in Frameworks */ = {isa = PBXBuildFile; fileRef = 49B3F088231300BEACC61949 /* Pods_SimpleNotes_SimpleNotesUITests.framework */; };
/* End PBXBuildFile section */

/* Begin PBXContainerItemProxy section */
		7FEBEC82276135DC0066F0C0 /* PBXContainerItemProxy */ = {
			isa = PBXContainerItemProxy;
			containerPortal = 7FEBEC63276135DA0066F0C0 /* Project object */;
			proxyType = 1;
			remoteGlobalIDString = 7FEBEC6A276135DA0066F0C0;
			remoteInfo = SimpleNotes;
		};
		7FEBEC8C276135DC0066F0C0 /* PBXContainerItemProxy */ = {
			isa = PBXContainerItemProxy;
			containerPortal = 7FEBEC63276135DA0066F0C0 /* Project object */;
			proxyType = 1;
			remoteGlobalIDString = 7FEBEC6A276135DA0066F0C0;
			remoteInfo = SimpleNotes;
		};
/* End PBXContainerItemProxy section */

/* Begin PBXFileReference section */
		0AE92D46CC0D96D8EF23797B /* Pods-SimpleNotes.release.xcconfig */ = {isa = PBXFileReference; includeInIndex = 1; lastKnownFileType = text.xcconfig; name = "Pods-SimpleNotes.release.xcconfig"; path = "Target Support Files/Pods-SimpleNotes/Pods-SimpleNotes.release.xcconfig"; sourceTree = "<group>"; };
		3C69DB86DBE24B54DE321A54 /* Pods-SimpleNotes-SimpleNotesUITests.debug.xcconfig */ = {isa = PBXFileReference; includeInIndex = 1; lastKnownFileType = text.xcconfig; name = "Pods-SimpleNotes-SimpleNotesUITests.debug.xcconfig"; path = "Target Support Files/Pods-SimpleNotes-SimpleNotesUITests/Pods-SimpleNotes-SimpleNotesUITests.debug.xcconfig"; sourceTree = "<group>"; };
		49B3F088231300BEACC61949 /* Pods_SimpleNotes_SimpleNotesUITests.framework */ = {isa = PBXFileReference; explicitFileType = wrapper.framework; includeInIndex = 0; path = Pods_SimpleNotes_SimpleNotesUITests.framework; sourceTree = BUILT_PRODUCTS_DIR; };
		4FA03DDF3B54D3F964B52029 /* Pods-SimpleNotes.debug.xcconfig */ = {isa = PBXFileReference; includeInIndex = 1; lastKnownFileType = text.xcconfig; name = "Pods-SimpleNotes.debug.xcconfig"; path = "Target Support Files/Pods-SimpleNotes/Pods-SimpleNotes.debug.xcconfig"; sourceTree = "<group>"; };
		60D50653D3745D01A5BE209D /* Pods-SimpleNotesTests.release.xcconfig */ = {isa = PBXFileReference; includeInIndex = 1; lastKnownFileType = text.xcconfig; name = "Pods-SimpleNotesTests.release.xcconfig"; path = "Target Support Files/Pods-SimpleNotesTests/Pods-SimpleNotesTests.release.xcconfig"; sourceTree = "<group>"; };
		67D0F4EDDFADB1B9E912C456 /* Pods_SimpleNotes.framework */ = {isa = PBXFileReference; explicitFileType = wrapper.framework; includeInIndex = 0; path = Pods_SimpleNotes.framework; sourceTree = BUILT_PRODUCTS_DIR; };
		7A1C248CD3F4C5A2CD5C2124 /* Pods-SimpleNotes-SimpleNotesUITests.release.xcconfig */ = {isa = PBXFileReference; includeInIndex = 1; lastKnownFileType = text.xcconfig; name = "Pods-SimpleNotes-SimpleNotesUITests.release.xcconfig"; path = "Target Support Files/Pods-SimpleNotes-SimpleNotesUITests/Pods-SimpleNotes-SimpleNotesUITests.release.xcconfig"; sourceTree = "<group>"; };
		7F498AA9276FC22100202413 /* NewNoteViewController.swift */ = {isa = PBXFileReference; lastKnownFileType = sourcecode.swift; path = NewNoteViewController.swift; sourceTree = "<group>"; };
		7F498AAB2770398C00202413 /* EditTagsTableViewController.swift */ = {isa = PBXFileReference; lastKnownFileType = sourcecode.swift; path = EditTagsTableViewController.swift; sourceTree = "<group>"; };
		7F498ABD2771624200202413 /* NewTagViewController.swift */ = {isa = PBXFileReference; lastKnownFileType = sourcecode.swift; path = NewTagViewController.swift; sourceTree = "<group>"; };
		7F498ABF2771656900202413 /* DetailCollectionViewCell.swift */ = {isa = PBXFileReference; lastKnownFileType = sourcecode.swift; path = DetailCollectionViewCell.swift; sourceTree = "<group>"; };
		7F498AC02771656900202413 /* DetailCollectionViewCell.xib */ = {isa = PBXFileReference; lastKnownFileType = file.xib; path = DetailCollectionViewCell.xib; sourceTree = "<group>"; };
		7F498AC427718CAA00202413 /* TagTableViewCell.swift */ = {isa = PBXFileReference; lastKnownFileType = sourcecode.swift; path = TagTableViewCell.swift; sourceTree = "<group>"; };
		7F498AC527718CAA00202413 /* TagTableViewCell.xib */ = {isa = PBXFileReference; lastKnownFileType = file.xib; path = TagTableViewCell.xib; sourceTree = "<group>"; };
		7F498B0C27722F4E00202413 /* SimpleNotesDataModel.xcdatamodel */ = {isa = PBXFileReference; lastKnownFileType = wrapper.xcdatamodel; path = SimpleNotesDataModel.xcdatamodel; sourceTree = "<group>"; };
		7F498B562775719E00202413 /* CoreData.swift */ = {isa = PBXFileReference; lastKnownFileType = sourcecode.swift; path = CoreData.swift; sourceTree = "<group>"; };
		7F8358F527792D0C007428A8 /* AllTags+CoreDataProperties copy.swift */ = {isa = PBXFileReference; fileEncoding = 4; lastKnownFileType = sourcecode.swift; path = "AllTags+CoreDataProperties copy.swift"; sourceTree = "<group>"; };
		7F8358F627792D0C007428A8 /* Note+CoreDataClass copy.swift */ = {isa = PBXFileReference; fileEncoding = 4; lastKnownFileType = sourcecode.swift; path = "Note+CoreDataClass copy.swift"; sourceTree = "<group>"; };
		7F8358F727792D0C007428A8 /* Note+CoreDataProperties copy.swift */ = {isa = PBXFileReference; fileEncoding = 4; lastKnownFileType = sourcecode.swift; path = "Note+CoreDataProperties copy.swift"; sourceTree = "<group>"; };
		7F8358F827792D0C007428A8 /* AllTags+CoreDataClass copy.swift */ = {isa = PBXFileReference; fileEncoding = 4; lastKnownFileType = sourcecode.swift; path = "AllTags+CoreDataClass copy.swift"; sourceTree = "<group>"; };
		7F8358F927792D0C007428A8 /* TagsForNote+CoreDataClass copy.swift */ = {isa = PBXFileReference; fileEncoding = 4; lastKnownFileType = sourcecode.swift; path = "TagsForNote+CoreDataClass copy.swift"; sourceTree = "<group>"; };
		7F8358FA27792D0D007428A8 /* TagsForNote+CoreDataProperties copy.swift */ = {isa = PBXFileReference; fileEncoding = 4; lastKnownFileType = sourcecode.swift; path = "TagsForNote+CoreDataProperties copy.swift"; sourceTree = "<group>"; };
		7F8BBDF0276D6A98005B07C1 /* ReusableTableView.swift */ = {isa = PBXFileReference; lastKnownFileType = sourcecode.swift; path = ReusableTableView.swift; sourceTree = "<group>"; };
		7F8BBDFB276ED795005B07C1 /* Extensions.swift */ = {isa = PBXFileReference; lastKnownFileType = sourcecode.swift; path = Extensions.swift; sourceTree = "<group>"; };
		7FEBEC6B276135DA0066F0C0 /* SimpleNotes.app */ = {isa = PBXFileReference; explicitFileType = wrapper.application; includeInIndex = 0; path = SimpleNotes.app; sourceTree = BUILT_PRODUCTS_DIR; };
		7FEBEC6E276135DA0066F0C0 /* AppDelegate.swift */ = {isa = PBXFileReference; lastKnownFileType = sourcecode.swift; path = AppDelegate.swift; sourceTree = "<group>"; };
		7FEBEC70276135DA0066F0C0 /* SceneDelegate.swift */ = {isa = PBXFileReference; lastKnownFileType = sourcecode.swift; path = SceneDelegate.swift; sourceTree = "<group>"; };
		7FEBEC72276135DA0066F0C0 /* ViewController.swift */ = {isa = PBXFileReference; lastKnownFileType = sourcecode.swift; path = ViewController.swift; sourceTree = "<group>"; };
		7FEBEC75276135DA0066F0C0 /* Base */ = {isa = PBXFileReference; lastKnownFileType = file.storyboard; name = Base; path = Base.lproj/Main.storyboard; sourceTree = "<group>"; };
		7FEBEC77276135DC0066F0C0 /* Assets.xcassets */ = {isa = PBXFileReference; lastKnownFileType = folder.assetcatalog; path = Assets.xcassets; sourceTree = "<group>"; };
		7FEBEC7A276135DC0066F0C0 /* Base */ = {isa = PBXFileReference; lastKnownFileType = file.storyboard; name = Base; path = Base.lproj/LaunchScreen.storyboard; sourceTree = "<group>"; };
		7FEBEC7C276135DC0066F0C0 /* Info.plist */ = {isa = PBXFileReference; lastKnownFileType = text.plist.xml; path = Info.plist; sourceTree = "<group>"; };
		7FEBEC81276135DC0066F0C0 /* SimpleNotesTests.xctest */ = {isa = PBXFileReference; explicitFileType = wrapper.cfbundle; includeInIndex = 0; path = SimpleNotesTests.xctest; sourceTree = BUILT_PRODUCTS_DIR; };
		7FEBEC85276135DC0066F0C0 /* SimpleNotesTests.swift */ = {isa = PBXFileReference; lastKnownFileType = sourcecode.swift; path = SimpleNotesTests.swift; sourceTree = "<group>"; };
		7FEBEC8B276135DC0066F0C0 /* SimpleNotesUITests.xctest */ = {isa = PBXFileReference; explicitFileType = wrapper.cfbundle; includeInIndex = 0; path = SimpleNotesUITests.xctest; sourceTree = BUILT_PRODUCTS_DIR; };
		7FEBEC8F276135DC0066F0C0 /* SimpleNotesUITests.swift */ = {isa = PBXFileReference; lastKnownFileType = sourcecode.swift; path = SimpleNotesUITests.swift; sourceTree = "<group>"; };
		7FEBEC91276135DC0066F0C0 /* SimpleNotesUITestsLaunchTests.swift */ = {isa = PBXFileReference; lastKnownFileType = sourcecode.swift; path = SimpleNotesUITestsLaunchTests.swift; sourceTree = "<group>"; };
		7FEBECA0276136280066F0C0 /* NoteTableViewCell.swift */ = {isa = PBXFileReference; lastKnownFileType = sourcecode.swift; path = NoteTableViewCell.swift; sourceTree = "<group>"; };
		7FEBECA1276136280066F0C0 /* NoteTableViewCell.xib */ = {isa = PBXFileReference; lastKnownFileType = file.xib; path = NoteTableViewCell.xib; sourceTree = "<group>"; };
		A64B4E696E55E17E5C8EDEC8 /* Pods-SimpleNotesTests.debug.xcconfig */ = {isa = PBXFileReference; includeInIndex = 1; lastKnownFileType = text.xcconfig; name = "Pods-SimpleNotesTests.debug.xcconfig"; path = "Target Support Files/Pods-SimpleNotesTests/Pods-SimpleNotesTests.debug.xcconfig"; sourceTree = "<group>"; };
		FAC284EE6904B236A1F8B99D /* Pods_SimpleNotesTests.framework */ = {isa = PBXFileReference; explicitFileType = wrapper.framework; includeInIndex = 0; path = Pods_SimpleNotesTests.framework; sourceTree = BUILT_PRODUCTS_DIR; };
/* End PBXFileReference section */

/* Begin PBXFrameworksBuildPhase section */
		7FEBEC68276135DA0066F0C0 /* Frameworks */ = {
			isa = PBXFrameworksBuildPhase;
			buildActionMask = 2147483647;
			files = (
				09385CB48FA40554C6B2AEEF /* Pods_SimpleNotes.framework in Frameworks */,
			);
			runOnlyForDeploymentPostprocessing = 0;
		};
		7FEBEC7E276135DC0066F0C0 /* Frameworks */ = {
			isa = PBXFrameworksBuildPhase;
			buildActionMask = 2147483647;
			files = (
				BAAE1C9BF6F1F3D2FF091F6A /* Pods_SimpleNotesTests.framework in Frameworks */,
			);
			runOnlyForDeploymentPostprocessing = 0;
		};
		7FEBEC88276135DC0066F0C0 /* Frameworks */ = {
			isa = PBXFrameworksBuildPhase;
			buildActionMask = 2147483647;
			files = (
				E394CF16E1A31EB5A2A6B6E1 /* Pods_SimpleNotes_SimpleNotesUITests.framework in Frameworks */,
			);
			runOnlyForDeploymentPostprocessing = 0;
		};
/* End PBXFrameworksBuildPhase section */

/* Begin PBXGroup section */
		0481132D7C0C0C532551601A /* Pods */ = {
			isa = PBXGroup;
			children = (
				4FA03DDF3B54D3F964B52029 /* Pods-SimpleNotes.debug.xcconfig */,
				0AE92D46CC0D96D8EF23797B /* Pods-SimpleNotes.release.xcconfig */,
				3C69DB86DBE24B54DE321A54 /* Pods-SimpleNotes-SimpleNotesUITests.debug.xcconfig */,
				7A1C248CD3F4C5A2CD5C2124 /* Pods-SimpleNotes-SimpleNotesUITests.release.xcconfig */,
				A64B4E696E55E17E5C8EDEC8 /* Pods-SimpleNotesTests.debug.xcconfig */,
				60D50653D3745D01A5BE209D /* Pods-SimpleNotesTests.release.xcconfig */,
			);
			path = Pods;
			sourceTree = "<group>";
		};
		7F498AC327718C7500202413 /* Models */ = {
			isa = PBXGroup;
			children = (
				7F8BBDF0276D6A98005B07C1 /* ReusableTableView.swift */,
				7F498ACB27718EDC00202413 /* Note */,
				7F498ACA27718ECB00202413 /* Tags */,
			);
			path = Models;
			sourceTree = "<group>";
		};
		7F498ACA27718ECB00202413 /* Tags */ = {
			isa = PBXGroup;
			children = (
				7F498ABF2771656900202413 /* DetailCollectionViewCell.swift */,
				7F498AC02771656900202413 /* DetailCollectionViewCell.xib */,
				7F498AC427718CAA00202413 /* TagTableViewCell.swift */,
				7F498AC527718CAA00202413 /* TagTableViewCell.xib */,
			);
			path = Tags;
			sourceTree = "<group>";
		};
		7F498ACB27718EDC00202413 /* Note */ = {
			isa = PBXGroup;
			children = (
				7FEBECA0276136280066F0C0 /* NoteTableViewCell.swift */,
				7FEBECA1276136280066F0C0 /* NoteTableViewCell.xib */,
			);
			path = Note;
			sourceTree = "<group>";
		};
		7F498B58277571CF00202413 /* View Controllers */ = {
			isa = PBXGroup;
			children = (
				7F498AA9276FC22100202413 /* NewNoteViewController.swift */,
				7FEBEC72276135DA0066F0C0 /* ViewController.swift */,
				7F498AAB2770398C00202413 /* EditTagsTableViewController.swift */,
				7F498ABD2771624200202413 /* NewTagViewController.swift */,
			);
			path = "View Controllers";
			sourceTree = "<group>";
		};
		7F8358F427792493007428A8 /* Core Data */ = {
			isa = PBXGroup;
			children = (
				7F498B562775719E00202413 /* CoreData.swift */,
			);
			path = "Core Data";
			sourceTree = "<group>";
		};
		7FEBEC62276135DA0066F0C0 = {
			isa = PBXGroup;
			children = (
				7F8358F527792D0C007428A8 /* AllTags+CoreDataProperties copy.swift */,
				7F8358F627792D0C007428A8 /* Note+CoreDataClass copy.swift */,
				7F8358F727792D0C007428A8 /* Note+CoreDataProperties copy.swift */,
				7F8358F827792D0C007428A8 /* AllTags+CoreDataClass copy.swift */,
				7F8358F927792D0C007428A8 /* TagsForNote+CoreDataClass copy.swift */,
				7F8358FA27792D0D007428A8 /* TagsForNote+CoreDataProperties copy.swift */,
				7FEBEC6D276135DA0066F0C0 /* SimpleNotes */,
				7FEBEC84276135DC0066F0C0 /* SimpleNotesTests */,
				7FEBEC8E276135DC0066F0C0 /* SimpleNotesUITests */,
				7FEBEC6C276135DA0066F0C0 /* Products */,
				0481132D7C0C0C532551601A /* Pods */,
				BA88A42F818EED44B9A57C9A /* Frameworks */,
			);
			sourceTree = "<group>";
		};
		7FEBEC6C276135DA0066F0C0 /* Products */ = {
			isa = PBXGroup;
			children = (
				7FEBEC6B276135DA0066F0C0 /* SimpleNotes.app */,
				7FEBEC81276135DC0066F0C0 /* SimpleNotesTests.xctest */,
				7FEBEC8B276135DC0066F0C0 /* SimpleNotesUITests.xctest */,
			);
			name = Products;
			sourceTree = "<group>";
		};
		7FEBEC6D276135DA0066F0C0 /* SimpleNotes */ = {
			isa = PBXGroup;
			children = (
				7FEBEC6E276135DA0066F0C0 /* AppDelegate.swift */,
				7F498B0B27722F4E00202413 /* SimpleNotesDataModel.xcdatamodeld */,
				7FEBEC70276135DA0066F0C0 /* SceneDelegate.swift */,
				7F8BBDFB276ED795005B07C1 /* Extensions.swift */,
				7F8358F427792493007428A8 /* Core Data */,
				7FEBEC74276135DA0066F0C0 /* Main.storyboard */,
				7F498B58277571CF00202413 /* View Controllers */,
				7F498AC327718C7500202413 /* Models */,
				7FEBEC77276135DC0066F0C0 /* Assets.xcassets */,
				7FEBEC79276135DC0066F0C0 /* LaunchScreen.storyboard */,
				7FEBEC7C276135DC0066F0C0 /* Info.plist */,
			);
			path = SimpleNotes;
			sourceTree = "<group>";
		};
		7FEBEC84276135DC0066F0C0 /* SimpleNotesTests */ = {
			isa = PBXGroup;
			children = (
				7FEBEC85276135DC0066F0C0 /* SimpleNotesTests.swift */,
			);
			path = SimpleNotesTests;
			sourceTree = "<group>";
		};
		7FEBEC8E276135DC0066F0C0 /* SimpleNotesUITests */ = {
			isa = PBXGroup;
			children = (
				7FEBEC8F276135DC0066F0C0 /* SimpleNotesUITests.swift */,
				7FEBEC91276135DC0066F0C0 /* SimpleNotesUITestsLaunchTests.swift */,
			);
			path = SimpleNotesUITests;
			sourceTree = "<group>";
		};
		BA88A42F818EED44B9A57C9A /* Frameworks */ = {
			isa = PBXGroup;
			children = (
				67D0F4EDDFADB1B9E912C456 /* Pods_SimpleNotes.framework */,
				49B3F088231300BEACC61949 /* Pods_SimpleNotes_SimpleNotesUITests.framework */,
				FAC284EE6904B236A1F8B99D /* Pods_SimpleNotesTests.framework */,
			);
			name = Frameworks;
			sourceTree = "<group>";
		};
/* End PBXGroup section */

/* Begin PBXNativeTarget section */
		7FEBEC6A276135DA0066F0C0 /* SimpleNotes */ = {
			isa = PBXNativeTarget;
			buildConfigurationList = 7FEBEC95276135DC0066F0C0 /* Build configuration list for PBXNativeTarget "SimpleNotes" */;
			buildPhases = (
				D2E1E90619A50FAF9D3E23B2 /* [CP] Check Pods Manifest.lock */,
				7FEBEC67276135DA0066F0C0 /* Sources */,
				7FEBEC68276135DA0066F0C0 /* Frameworks */,
				7FEBEC69276135DA0066F0C0 /* Resources */,
				0BD81FC602351466F45213C1 /* [CP] Embed Pods Frameworks */,
			);
			buildRules = (
			);
			dependencies = (
			);
			name = SimpleNotes;
			productName = SimpleNotes;
			productReference = 7FEBEC6B276135DA0066F0C0 /* SimpleNotes.app */;
			productType = "com.apple.product-type.application";
		};
		7FEBEC80276135DC0066F0C0 /* SimpleNotesTests */ = {
			isa = PBXNativeTarget;
			buildConfigurationList = 7FEBEC98276135DC0066F0C0 /* Build configuration list for PBXNativeTarget "SimpleNotesTests" */;
			buildPhases = (
				476ACA3BC8B6CFC1AC31431C /* [CP] Check Pods Manifest.lock */,
				7FEBEC7D276135DC0066F0C0 /* Sources */,
				7FEBEC7E276135DC0066F0C0 /* Frameworks */,
				7FEBEC7F276135DC0066F0C0 /* Resources */,
			);
			buildRules = (
			);
			dependencies = (
				7FEBEC83276135DC0066F0C0 /* PBXTargetDependency */,
			);
			name = SimpleNotesTests;
			productName = SimpleNotesTests;
			productReference = 7FEBEC81276135DC0066F0C0 /* SimpleNotesTests.xctest */;
			productType = "com.apple.product-type.bundle.unit-test";
		};
		7FEBEC8A276135DC0066F0C0 /* SimpleNotesUITests */ = {
			isa = PBXNativeTarget;
			buildConfigurationList = 7FEBEC9B276135DC0066F0C0 /* Build configuration list for PBXNativeTarget "SimpleNotesUITests" */;
			buildPhases = (
				BA7E64AD95DB79F83231350B /* [CP] Check Pods Manifest.lock */,
				7FEBEC87276135DC0066F0C0 /* Sources */,
				7FEBEC88276135DC0066F0C0 /* Frameworks */,
				7FEBEC89276135DC0066F0C0 /* Resources */,
				9B49C7EC2DB85AD3DA2D8A88 /* [CP] Embed Pods Frameworks */,
			);
			buildRules = (
			);
			dependencies = (
				7FEBEC8D276135DC0066F0C0 /* PBXTargetDependency */,
			);
			name = SimpleNotesUITests;
			productName = SimpleNotesUITests;
			productReference = 7FEBEC8B276135DC0066F0C0 /* SimpleNotesUITests.xctest */;
			productType = "com.apple.product-type.bundle.ui-testing";
		};
/* End PBXNativeTarget section */

/* Begin PBXProject section */
		7FEBEC63276135DA0066F0C0 /* Project object */ = {
			isa = PBXProject;
			attributes = {
				BuildIndependentTargetsInParallel = 1;
				LastSwiftUpdateCheck = 1310;
				LastUpgradeCheck = 1310;
				TargetAttributes = {
					7FEBEC6A276135DA0066F0C0 = {
						CreatedOnToolsVersion = 13.1;
					};
					7FEBEC80276135DC0066F0C0 = {
						CreatedOnToolsVersion = 13.1;
						TestTargetID = 7FEBEC6A276135DA0066F0C0;
					};
					7FEBEC8A276135DC0066F0C0 = {
						CreatedOnToolsVersion = 13.1;
						TestTargetID = 7FEBEC6A276135DA0066F0C0;
					};
				};
			};
			buildConfigurationList = 7FEBEC66276135DA0066F0C0 /* Build configuration list for PBXProject "SimpleNotes" */;
			compatibilityVersion = "Xcode 13.0";
			developmentRegion = en;
			hasScannedForEncodings = 0;
			knownRegions = (
				en,
				Base,
			);
			mainGroup = 7FEBEC62276135DA0066F0C0;
			productRefGroup = 7FEBEC6C276135DA0066F0C0 /* Products */;
			projectDirPath = "";
			projectRoot = "";
			targets = (
				7FEBEC6A276135DA0066F0C0 /* SimpleNotes */,
				7FEBEC80276135DC0066F0C0 /* SimpleNotesTests */,
				7FEBEC8A276135DC0066F0C0 /* SimpleNotesUITests */,
			);
		};
/* End PBXProject section */

/* Begin PBXResourcesBuildPhase section */
		7FEBEC69276135DA0066F0C0 /* Resources */ = {
			isa = PBXResourcesBuildPhase;
			buildActionMask = 2147483647;
			files = (
				7F498AC727718CAA00202413 /* TagTableViewCell.xib in Resources */,
				7FEBEC7B276135DC0066F0C0 /* LaunchScreen.storyboard in Resources */,
				7FEBEC78276135DC0066F0C0 /* Assets.xcassets in Resources */,
				7FEBEC76276135DA0066F0C0 /* Main.storyboard in Resources */,
				7FEBECA3276136280066F0C0 /* NoteTableViewCell.xib in Resources */,
				7F498AC22771656900202413 /* DetailCollectionViewCell.xib in Resources */,
			);
			runOnlyForDeploymentPostprocessing = 0;
		};
		7FEBEC7F276135DC0066F0C0 /* Resources */ = {
			isa = PBXResourcesBuildPhase;
			buildActionMask = 2147483647;
			files = (
			);
			runOnlyForDeploymentPostprocessing = 0;
		};
		7FEBEC89276135DC0066F0C0 /* Resources */ = {
			isa = PBXResourcesBuildPhase;
			buildActionMask = 2147483647;
			files = (
			);
			runOnlyForDeploymentPostprocessing = 0;
		};
/* End PBXResourcesBuildPhase section */

/* Begin PBXShellScriptBuildPhase section */
		0BD81FC602351466F45213C1 /* [CP] Embed Pods Frameworks */ = {
			isa = PBXShellScriptBuildPhase;
			buildActionMask = 2147483647;
			files = (
			);
			inputFileListPaths = (
				"${PODS_ROOT}/Target Support Files/Pods-SimpleNotes/Pods-SimpleNotes-frameworks-${CONFIGURATION}-input-files.xcfilelist",
			);
			name = "[CP] Embed Pods Frameworks";
			outputFileListPaths = (
				"${PODS_ROOT}/Target Support Files/Pods-SimpleNotes/Pods-SimpleNotes-frameworks-${CONFIGURATION}-output-files.xcfilelist",
			);
			runOnlyForDeploymentPostprocessing = 0;
			shellPath = /bin/sh;
			shellScript = "\"${PODS_ROOT}/Target Support Files/Pods-SimpleNotes/Pods-SimpleNotes-frameworks.sh\"\n";
			showEnvVarsInLog = 0;
		};
		476ACA3BC8B6CFC1AC31431C /* [CP] Check Pods Manifest.lock */ = {
			isa = PBXShellScriptBuildPhase;
			buildActionMask = 2147483647;
			files = (
			);
			inputFileListPaths = (
			);
			inputPaths = (
				"${PODS_PODFILE_DIR_PATH}/Podfile.lock",
				"${PODS_ROOT}/Manifest.lock",
			);
			name = "[CP] Check Pods Manifest.lock";
			outputFileListPaths = (
			);
			outputPaths = (
				"$(DERIVED_FILE_DIR)/Pods-SimpleNotesTests-checkManifestLockResult.txt",
			);
			runOnlyForDeploymentPostprocessing = 0;
			shellPath = /bin/sh;
			shellScript = "diff \"${PODS_PODFILE_DIR_PATH}/Podfile.lock\" \"${PODS_ROOT}/Manifest.lock\" > /dev/null\nif [ $? != 0 ] ; then\n    # print error to STDERR\n    echo \"error: The sandbox is not in sync with the Podfile.lock. Run 'pod install' or update your CocoaPods installation.\" >&2\n    exit 1\nfi\n# This output is used by Xcode 'outputs' to avoid re-running this script phase.\necho \"SUCCESS\" > \"${SCRIPT_OUTPUT_FILE_0}\"\n";
			showEnvVarsInLog = 0;
		};
		9B49C7EC2DB85AD3DA2D8A88 /* [CP] Embed Pods Frameworks */ = {
			isa = PBXShellScriptBuildPhase;
			buildActionMask = 2147483647;
			files = (
			);
			inputFileListPaths = (
				"${PODS_ROOT}/Target Support Files/Pods-SimpleNotes-SimpleNotesUITests/Pods-SimpleNotes-SimpleNotesUITests-frameworks-${CONFIGURATION}-input-files.xcfilelist",
			);
			name = "[CP] Embed Pods Frameworks";
			outputFileListPaths = (
				"${PODS_ROOT}/Target Support Files/Pods-SimpleNotes-SimpleNotesUITests/Pods-SimpleNotes-SimpleNotesUITests-frameworks-${CONFIGURATION}-output-files.xcfilelist",
			);
			runOnlyForDeploymentPostprocessing = 0;
			shellPath = /bin/sh;
			shellScript = "\"${PODS_ROOT}/Target Support Files/Pods-SimpleNotes-SimpleNotesUITests/Pods-SimpleNotes-SimpleNotesUITests-frameworks.sh\"\n";
			showEnvVarsInLog = 0;
		};
		BA7E64AD95DB79F83231350B /* [CP] Check Pods Manifest.lock */ = {
			isa = PBXShellScriptBuildPhase;
			buildActionMask = 2147483647;
			files = (
			);
			inputFileListPaths = (
			);
			inputPaths = (
				"${PODS_PODFILE_DIR_PATH}/Podfile.lock",
				"${PODS_ROOT}/Manifest.lock",
			);
			name = "[CP] Check Pods Manifest.lock";
			outputFileListPaths = (
			);
			outputPaths = (
				"$(DERIVED_FILE_DIR)/Pods-SimpleNotes-SimpleNotesUITests-checkManifestLockResult.txt",
			);
			runOnlyForDeploymentPostprocessing = 0;
			shellPath = /bin/sh;
			shellScript = "diff \"${PODS_PODFILE_DIR_PATH}/Podfile.lock\" \"${PODS_ROOT}/Manifest.lock\" > /dev/null\nif [ $? != 0 ] ; then\n    # print error to STDERR\n    echo \"error: The sandbox is not in sync with the Podfile.lock. Run 'pod install' or update your CocoaPods installation.\" >&2\n    exit 1\nfi\n# This output is used by Xcode 'outputs' to avoid re-running this script phase.\necho \"SUCCESS\" > \"${SCRIPT_OUTPUT_FILE_0}\"\n";
			showEnvVarsInLog = 0;
		};
		D2E1E90619A50FAF9D3E23B2 /* [CP] Check Pods Manifest.lock */ = {
			isa = PBXShellScriptBuildPhase;
			buildActionMask = 2147483647;
			files = (
			);
			inputFileListPaths = (
			);
			inputPaths = (
				"${PODS_PODFILE_DIR_PATH}/Podfile.lock",
				"${PODS_ROOT}/Manifest.lock",
			);
			name = "[CP] Check Pods Manifest.lock";
			outputFileListPaths = (
			);
			outputPaths = (
				"$(DERIVED_FILE_DIR)/Pods-SimpleNotes-checkManifestLockResult.txt",
			);
			runOnlyForDeploymentPostprocessing = 0;
			shellPath = /bin/sh;
			shellScript = "diff \"${PODS_PODFILE_DIR_PATH}/Podfile.lock\" \"${PODS_ROOT}/Manifest.lock\" > /dev/null\nif [ $? != 0 ] ; then\n    # print error to STDERR\n    echo \"error: The sandbox is not in sync with the Podfile.lock. Run 'pod install' or update your CocoaPods installation.\" >&2\n    exit 1\nfi\n# This output is used by Xcode 'outputs' to avoid re-running this script phase.\necho \"SUCCESS\" > \"${SCRIPT_OUTPUT_FILE_0}\"\n";
			showEnvVarsInLog = 0;
		};
/* End PBXShellScriptBuildPhase section */

/* Begin PBXSourcesBuildPhase section */
		7FEBEC67276135DA0066F0C0 /* Sources */ = {
			isa = PBXSourcesBuildPhase;
			buildActionMask = 2147483647;
			files = (
				7F498AC12771656900202413 /* DetailCollectionViewCell.swift in Sources */,
				7FEBEC73276135DA0066F0C0 /* ViewController.swift in Sources */,
				7F8358FB27792D0D007428A8 /* AllTags+CoreDataProperties copy.swift in Sources */,
				7FEBEC6F276135DA0066F0C0 /* AppDelegate.swift in Sources */,
				7F83590027792D0D007428A8 /* TagsForNote+CoreDataProperties copy.swift in Sources */,
				7F8358FE27792D0D007428A8 /* AllTags+CoreDataClass copy.swift in Sources */,
				7F498ABE2771624200202413 /* NewTagViewController.swift in Sources */,
				7FEBEC71276135DA0066F0C0 /* SceneDelegate.swift in Sources */,
				7F8BBDF1276D6A98005B07C1 /* ReusableTableView.swift in Sources */,
				7FEBECA2276136280066F0C0 /* NoteTableViewCell.swift in Sources */,
				7F498AAA276FC22100202413 /* NewNoteViewController.swift in Sources */,
				7F498AC627718CAA00202413 /* TagTableViewCell.swift in Sources */,
				7F498B572775719E00202413 /* CoreData.swift in Sources */,
				7F8358FF27792D0D007428A8 /* TagsForNote+CoreDataClass copy.swift in Sources */,
				7F8358FC27792D0D007428A8 /* Note+CoreDataClass copy.swift in Sources */,
				7F8BBDFC276ED795005B07C1 /* Extensions.swift in Sources */,
				7F8358FD27792D0D007428A8 /* Note+CoreDataProperties copy.swift in Sources */,
				7F498AAC2770398C00202413 /* EditTagsTableViewController.swift in Sources */,
				7F498B0D27722F4E00202413 /* SimpleNotesDataModel.xcdatamodeld in Sources */,
			);
			runOnlyForDeploymentPostprocessing = 0;
		};
		7FEBEC7D276135DC0066F0C0 /* Sources */ = {
			isa = PBXSourcesBuildPhase;
			buildActionMask = 2147483647;
			files = (
				7FEBEC86276135DC0066F0C0 /* SimpleNotesTests.swift in Sources */,
			);
			runOnlyForDeploymentPostprocessing = 0;
		};
		7FEBEC87276135DC0066F0C0 /* Sources */ = {
			isa = PBXSourcesBuildPhase;
			buildActionMask = 2147483647;
			files = (
				7FEBEC92276135DC0066F0C0 /* SimpleNotesUITestsLaunchTests.swift in Sources */,
				7FEBEC90276135DC0066F0C0 /* SimpleNotesUITests.swift in Sources */,
			);
			runOnlyForDeploymentPostprocessing = 0;
		};
/* End PBXSourcesBuildPhase section */

/* Begin PBXTargetDependency section */
		7FEBEC83276135DC0066F0C0 /* PBXTargetDependency */ = {
			isa = PBXTargetDependency;
			target = 7FEBEC6A276135DA0066F0C0 /* SimpleNotes */;
			targetProxy = 7FEBEC82276135DC0066F0C0 /* PBXContainerItemProxy */;
		};
		7FEBEC8D276135DC0066F0C0 /* PBXTargetDependency */ = {
			isa = PBXTargetDependency;
			target = 7FEBEC6A276135DA0066F0C0 /* SimpleNotes */;
			targetProxy = 7FEBEC8C276135DC0066F0C0 /* PBXContainerItemProxy */;
		};
/* End PBXTargetDependency section */

/* Begin PBXVariantGroup section */
		7FEBEC74276135DA0066F0C0 /* Main.storyboard */ = {
			isa = PBXVariantGroup;
			children = (
				7FEBEC75276135DA0066F0C0 /* Base */,
			);
			name = Main.storyboard;
			sourceTree = "<group>";
		};
		7FEBEC79276135DC0066F0C0 /* LaunchScreen.storyboard */ = {
			isa = PBXVariantGroup;
			children = (
				7FEBEC7A276135DC0066F0C0 /* Base */,
			);
			name = LaunchScreen.storyboard;
			sourceTree = "<group>";
		};
/* End PBXVariantGroup section */

/* Begin XCBuildConfiguration section */
		7FEBEC93276135DC0066F0C0 /* Debug */ = {
			isa = XCBuildConfiguration;
			buildSettings = {
				ALWAYS_SEARCH_USER_PATHS = NO;
				CLANG_ANALYZER_NONNULL = YES;
				CLANG_ANALYZER_NUMBER_OBJECT_CONVERSION = YES_AGGRESSIVE;
				CLANG_CXX_LANGUAGE_STANDARD = "gnu++17";
				CLANG_CXX_LIBRARY = "libc++";
				CLANG_ENABLE_MODULES = YES;
				CLANG_ENABLE_OBJC_ARC = YES;
				CLANG_ENABLE_OBJC_WEAK = YES;
				CLANG_WARN_BLOCK_CAPTURE_AUTORELEASING = YES;
				CLANG_WARN_BOOL_CONVERSION = YES;
				CLANG_WARN_COMMA = YES;
				CLANG_WARN_CONSTANT_CONVERSION = YES;
				CLANG_WARN_DEPRECATED_OBJC_IMPLEMENTATIONS = YES;
				CLANG_WARN_DIRECT_OBJC_ISA_USAGE = YES_ERROR;
				CLANG_WARN_DOCUMENTATION_COMMENTS = YES;
				CLANG_WARN_EMPTY_BODY = YES;
				CLANG_WARN_ENUM_CONVERSION = YES;
				CLANG_WARN_INFINITE_RECURSION = YES;
				CLANG_WARN_INT_CONVERSION = YES;
				CLANG_WARN_NON_LITERAL_NULL_CONVERSION = YES;
				CLANG_WARN_OBJC_IMPLICIT_RETAIN_SELF = YES;
				CLANG_WARN_OBJC_LITERAL_CONVERSION = YES;
				CLANG_WARN_OBJC_ROOT_CLASS = YES_ERROR;
				CLANG_WARN_QUOTED_INCLUDE_IN_FRAMEWORK_HEADER = YES;
				CLANG_WARN_RANGE_LOOP_ANALYSIS = YES;
				CLANG_WARN_STRICT_PROTOTYPES = YES;
				CLANG_WARN_SUSPICIOUS_MOVE = YES;
				CLANG_WARN_UNGUARDED_AVAILABILITY = YES_AGGRESSIVE;
				CLANG_WARN_UNREACHABLE_CODE = YES;
				CLANG_WARN__DUPLICATE_METHOD_MATCH = YES;
				COPY_PHASE_STRIP = NO;
				DEBUG_INFORMATION_FORMAT = dwarf;
				ENABLE_STRICT_OBJC_MSGSEND = YES;
				ENABLE_TESTABILITY = YES;
				GCC_C_LANGUAGE_STANDARD = gnu11;
				GCC_DYNAMIC_NO_PIC = NO;
				GCC_NO_COMMON_BLOCKS = YES;
				GCC_OPTIMIZATION_LEVEL = 0;
				GCC_PREPROCESSOR_DEFINITIONS = (
					"DEBUG=1",
					"$(inherited)",
				);
				GCC_WARN_64_TO_32_BIT_CONVERSION = YES;
				GCC_WARN_ABOUT_RETURN_TYPE = YES_ERROR;
				GCC_WARN_UNDECLARED_SELECTOR = YES;
				GCC_WARN_UNINITIALIZED_AUTOS = YES_AGGRESSIVE;
				GCC_WARN_UNUSED_FUNCTION = YES;
				GCC_WARN_UNUSED_VARIABLE = YES;
				IPHONEOS_DEPLOYMENT_TARGET = 15.0;
				MTL_ENABLE_DEBUG_INFO = INCLUDE_SOURCE;
				MTL_FAST_MATH = YES;
				ONLY_ACTIVE_ARCH = YES;
				SDKROOT = iphoneos;
				SWIFT_ACTIVE_COMPILATION_CONDITIONS = DEBUG;
				SWIFT_OPTIMIZATION_LEVEL = "-Onone";
			};
			name = Debug;
		};
		7FEBEC94276135DC0066F0C0 /* Release */ = {
			isa = XCBuildConfiguration;
			buildSettings = {
				ALWAYS_SEARCH_USER_PATHS = NO;
				CLANG_ANALYZER_NONNULL = YES;
				CLANG_ANALYZER_NUMBER_OBJECT_CONVERSION = YES_AGGRESSIVE;
				CLANG_CXX_LANGUAGE_STANDARD = "gnu++17";
				CLANG_CXX_LIBRARY = "libc++";
				CLANG_ENABLE_MODULES = YES;
				CLANG_ENABLE_OBJC_ARC = YES;
				CLANG_ENABLE_OBJC_WEAK = YES;
				CLANG_WARN_BLOCK_CAPTURE_AUTORELEASING = YES;
				CLANG_WARN_BOOL_CONVERSION = YES;
				CLANG_WARN_COMMA = YES;
				CLANG_WARN_CONSTANT_CONVERSION = YES;
				CLANG_WARN_DEPRECATED_OBJC_IMPLEMENTATIONS = YES;
				CLANG_WARN_DIRECT_OBJC_ISA_USAGE = YES_ERROR;
				CLANG_WARN_DOCUMENTATION_COMMENTS = YES;
				CLANG_WARN_EMPTY_BODY = YES;
				CLANG_WARN_ENUM_CONVERSION = YES;
				CLANG_WARN_INFINITE_RECURSION = YES;
				CLANG_WARN_INT_CONVERSION = YES;
				CLANG_WARN_NON_LITERAL_NULL_CONVERSION = YES;
				CLANG_WARN_OBJC_IMPLICIT_RETAIN_SELF = YES;
				CLANG_WARN_OBJC_LITERAL_CONVERSION = YES;
				CLANG_WARN_OBJC_ROOT_CLASS = YES_ERROR;
				CLANG_WARN_QUOTED_INCLUDE_IN_FRAMEWORK_HEADER = YES;
				CLANG_WARN_RANGE_LOOP_ANALYSIS = YES;
				CLANG_WARN_STRICT_PROTOTYPES = YES;
				CLANG_WARN_SUSPICIOUS_MOVE = YES;
				CLANG_WARN_UNGUARDED_AVAILABILITY = YES_AGGRESSIVE;
				CLANG_WARN_UNREACHABLE_CODE = YES;
				CLANG_WARN__DUPLICATE_METHOD_MATCH = YES;
				COPY_PHASE_STRIP = NO;
				DEBUG_INFORMATION_FORMAT = "dwarf-with-dsym";
				ENABLE_NS_ASSERTIONS = NO;
				ENABLE_STRICT_OBJC_MSGSEND = YES;
				GCC_C_LANGUAGE_STANDARD = gnu11;
				GCC_NO_COMMON_BLOCKS = YES;
				GCC_WARN_64_TO_32_BIT_CONVERSION = YES;
				GCC_WARN_ABOUT_RETURN_TYPE = YES_ERROR;
				GCC_WARN_UNDECLARED_SELECTOR = YES;
				GCC_WARN_UNINITIALIZED_AUTOS = YES_AGGRESSIVE;
				GCC_WARN_UNUSED_FUNCTION = YES;
				GCC_WARN_UNUSED_VARIABLE = YES;
				IPHONEOS_DEPLOYMENT_TARGET = 15.0;
				MTL_ENABLE_DEBUG_INFO = NO;
				MTL_FAST_MATH = YES;
				SDKROOT = iphoneos;
				SWIFT_COMPILATION_MODE = wholemodule;
				SWIFT_OPTIMIZATION_LEVEL = "-O";
				VALIDATE_PRODUCT = YES;
			};
			name = Release;
		};
		7FEBEC96276135DC0066F0C0 /* Debug */ = {
			isa = XCBuildConfiguration;
			baseConfigurationReference = 4FA03DDF3B54D3F964B52029 /* Pods-SimpleNotes.debug.xcconfig */;
			buildSettings = {
				ASSETCATALOG_COMPILER_APPICON_NAME = AppIcon;
				ASSETCATALOG_COMPILER_GLOBAL_ACCENT_COLOR_NAME = AccentColor;
				CODE_SIGN_STYLE = Automatic;
				CURRENT_PROJECT_VERSION = 1;
				DEVELOPMENT_TEAM = 7UHNX49SSD;
				GENERATE_INFOPLIST_FILE = YES;
				INFOPLIST_FILE = SimpleNotes/Info.plist;
				INFOPLIST_KEY_UIApplicationSupportsIndirectInputEvents = YES;
				INFOPLIST_KEY_UILaunchStoryboardName = LaunchScreen;
				INFOPLIST_KEY_UIMainStoryboardFile = Main;
				INFOPLIST_KEY_UISupportedInterfaceOrientations_iPad = "UIInterfaceOrientationPortrait UIInterfaceOrientationPortraitUpsideDown UIInterfaceOrientationLandscapeLeft UIInterfaceOrientationLandscapeRight";
				INFOPLIST_KEY_UISupportedInterfaceOrientations_iPhone = "UIInterfaceOrientationPortrait UIInterfaceOrientationLandscapeLeft UIInterfaceOrientationLandscapeRight";
				LD_RUNPATH_SEARCH_PATHS = (
					"$(inherited)",
					"@executable_path/Frameworks",
				);
				MARKETING_VERSION = 1.0;
				PRODUCT_BUNDLE_IDENTIFIER = com.jkozar.SimpleNotes;
				PRODUCT_NAME = "$(TARGET_NAME)";
				SWIFT_EMIT_LOC_STRINGS = YES;
				SWIFT_VERSION = 5.0;
				TARGETED_DEVICE_FAMILY = "1,2";
			};
			name = Debug;
		};
		7FEBEC97276135DC0066F0C0 /* Release */ = {
			isa = XCBuildConfiguration;
			baseConfigurationReference = 0AE92D46CC0D96D8EF23797B /* Pods-SimpleNotes.release.xcconfig */;
			buildSettings = {
				ASSETCATALOG_COMPILER_APPICON_NAME = AppIcon;
				ASSETCATALOG_COMPILER_GLOBAL_ACCENT_COLOR_NAME = AccentColor;
				CODE_SIGN_STYLE = Automatic;
				CURRENT_PROJECT_VERSION = 1;
				DEVELOPMENT_TEAM = 7UHNX49SSD;
				GENERATE_INFOPLIST_FILE = YES;
				INFOPLIST_FILE = SimpleNotes/Info.plist;
				INFOPLIST_KEY_UIApplicationSupportsIndirectInputEvents = YES;
				INFOPLIST_KEY_UILaunchStoryboardName = LaunchScreen;
				INFOPLIST_KEY_UIMainStoryboardFile = Main;
				INFOPLIST_KEY_UISupportedInterfaceOrientations_iPad = "UIInterfaceOrientationPortrait UIInterfaceOrientationPortraitUpsideDown UIInterfaceOrientationLandscapeLeft UIInterfaceOrientationLandscapeRight";
				INFOPLIST_KEY_UISupportedInterfaceOrientations_iPhone = "UIInterfaceOrientationPortrait UIInterfaceOrientationLandscapeLeft UIInterfaceOrientationLandscapeRight";
				LD_RUNPATH_SEARCH_PATHS = (
					"$(inherited)",
					"@executable_path/Frameworks",
				);
				MARKETING_VERSION = 1.0;
				PRODUCT_BUNDLE_IDENTIFIER = com.jkozar.SimpleNotes;
				PRODUCT_NAME = "$(TARGET_NAME)";
				SWIFT_EMIT_LOC_STRINGS = YES;
				SWIFT_VERSION = 5.0;
				TARGETED_DEVICE_FAMILY = "1,2";
			};
			name = Release;
		};
		7FEBEC99276135DC0066F0C0 /* Debug */ = {
			isa = XCBuildConfiguration;
			baseConfigurationReference = A64B4E696E55E17E5C8EDEC8 /* Pods-SimpleNotesTests.debug.xcconfig */;
			buildSettings = {
				ALWAYS_EMBED_SWIFT_STANDARD_LIBRARIES = YES;
				BUNDLE_LOADER = "$(TEST_HOST)";
				CODE_SIGN_STYLE = Automatic;
				CURRENT_PROJECT_VERSION = 1;
				DEVELOPMENT_TEAM = 7UHNX49SSD;
				GENERATE_INFOPLIST_FILE = YES;
				IPHONEOS_DEPLOYMENT_TARGET = 15.0;
				LD_RUNPATH_SEARCH_PATHS = (
					"$(inherited)",
					"@executable_path/Frameworks",
					"@loader_path/Frameworks",
				);
				MARKETING_VERSION = 1.0;
				PRODUCT_BUNDLE_IDENTIFIER = com.jkozar.SimpleNotesTests;
				PRODUCT_NAME = "$(TARGET_NAME)";
				SWIFT_EMIT_LOC_STRINGS = NO;
				SWIFT_VERSION = 5.0;
				TARGETED_DEVICE_FAMILY = "1,2";
				TEST_HOST = "$(BUILT_PRODUCTS_DIR)/SimpleNotes.app/SimpleNotes";
			};
			name = Debug;
		};
		7FEBEC9A276135DC0066F0C0 /* Release */ = {
			isa = XCBuildConfiguration;
			baseConfigurationReference = 60D50653D3745D01A5BE209D /* Pods-SimpleNotesTests.release.xcconfig */;
			buildSettings = {
				ALWAYS_EMBED_SWIFT_STANDARD_LIBRARIES = YES;
				BUNDLE_LOADER = "$(TEST_HOST)";
				CODE_SIGN_STYLE = Automatic;
				CURRENT_PROJECT_VERSION = 1;
				DEVELOPMENT_TEAM = 7UHNX49SSD;
				GENERATE_INFOPLIST_FILE = YES;
				IPHONEOS_DEPLOYMENT_TARGET = 15.0;
				LD_RUNPATH_SEARCH_PATHS = (
					"$(inherited)",
					"@executable_path/Frameworks",
					"@loader_path/Frameworks",
				);
				MARKETING_VERSION = 1.0;
				PRODUCT_BUNDLE_IDENTIFIER = com.jkozar.SimpleNotesTests;
				PRODUCT_NAME = "$(TARGET_NAME)";
				SWIFT_EMIT_LOC_STRINGS = NO;
				SWIFT_VERSION = 5.0;
				TARGETED_DEVICE_FAMILY = "1,2";
				TEST_HOST = "$(BUILT_PRODUCTS_DIR)/SimpleNotes.app/SimpleNotes";
			};
			name = Release;
		};
		7FEBEC9C276135DC0066F0C0 /* Debug */ = {
			isa = XCBuildConfiguration;
			baseConfigurationReference = 3C69DB86DBE24B54DE321A54 /* Pods-SimpleNotes-SimpleNotesUITests.debug.xcconfig */;
			buildSettings = {
				ALWAYS_EMBED_SWIFT_STANDARD_LIBRARIES = YES;
				CODE_SIGN_STYLE = Automatic;
				CURRENT_PROJECT_VERSION = 1;
				DEVELOPMENT_TEAM = 7UHNX49SSD;
				GENERATE_INFOPLIST_FILE = YES;
				LD_RUNPATH_SEARCH_PATHS = (
					"$(inherited)",
					"@executable_path/Frameworks",
					"@loader_path/Frameworks",
				);
				MARKETING_VERSION = 1.0;
				PRODUCT_BUNDLE_IDENTIFIER = com.jkozar.SimpleNotesUITests;
				PRODUCT_NAME = "$(TARGET_NAME)";
				SWIFT_EMIT_LOC_STRINGS = NO;
				SWIFT_VERSION = 5.0;
				TARGETED_DEVICE_FAMILY = "1,2";
				TEST_TARGET_NAME = SimpleNotes;
			};
			name = Debug;
		};
		7FEBEC9D276135DC0066F0C0 /* Release */ = {
			isa = XCBuildConfiguration;
			baseConfigurationReference = 7A1C248CD3F4C5A2CD5C2124 /* Pods-SimpleNotes-SimpleNotesUITests.release.xcconfig */;
			buildSettings = {
				ALWAYS_EMBED_SWIFT_STANDARD_LIBRARIES = YES;
				CODE_SIGN_STYLE = Automatic;
				CURRENT_PROJECT_VERSION = 1;
				DEVELOPMENT_TEAM = 7UHNX49SSD;
				GENERATE_INFOPLIST_FILE = YES;
				LD_RUNPATH_SEARCH_PATHS = (
					"$(inherited)",
					"@executable_path/Frameworks",
					"@loader_path/Frameworks",
				);
				MARKETING_VERSION = 1.0;
				PRODUCT_BUNDLE_IDENTIFIER = com.jkozar.SimpleNotesUITests;
				PRODUCT_NAME = "$(TARGET_NAME)";
				SWIFT_EMIT_LOC_STRINGS = NO;
				SWIFT_VERSION = 5.0;
				TARGETED_DEVICE_FAMILY = "1,2";
				TEST_TARGET_NAME = SimpleNotes;
			};
			name = Release;
		};
/* End XCBuildConfiguration section */

/* Begin XCConfigurationList section */
		7FEBEC66276135DA0066F0C0 /* Build configuration list for PBXProject "SimpleNotes" */ = {
			isa = XCConfigurationList;
			buildConfigurations = (
				7FEBEC93276135DC0066F0C0 /* Debug */,
				7FEBEC94276135DC0066F0C0 /* Release */,
			);
			defaultConfigurationIsVisible = 0;
			defaultConfigurationName = Release;
		};
		7FEBEC95276135DC0066F0C0 /* Build configuration list for PBXNativeTarget "SimpleNotes" */ = {
			isa = XCConfigurationList;
			buildConfigurations = (
				7FEBEC96276135DC0066F0C0 /* Debug */,
				7FEBEC97276135DC0066F0C0 /* Release */,
			);
			defaultConfigurationIsVisible = 0;
			defaultConfigurationName = Release;
		};
		7FEBEC98276135DC0066F0C0 /* Build configuration list for PBXNativeTarget "SimpleNotesTests" */ = {
			isa = XCConfigurationList;
			buildConfigurations = (
				7FEBEC99276135DC0066F0C0 /* Debug */,
				7FEBEC9A276135DC0066F0C0 /* Release */,
			);
			defaultConfigurationIsVisible = 0;
			defaultConfigurationName = Release;
		};
		7FEBEC9B276135DC0066F0C0 /* Build configuration list for PBXNativeTarget "SimpleNotesUITests" */ = {
			isa = XCConfigurationList;
			buildConfigurations = (
				7FEBEC9C276135DC0066F0C0 /* Debug */,
				7FEBEC9D276135DC0066F0C0 /* Release */,
			);
			defaultConfigurationIsVisible = 0;
			defaultConfigurationName = Release;
		};
/* End XCConfigurationList section */

/* Begin XCVersionGroup section */
		7F498B0B27722F4E00202413 /* SimpleNotesDataModel.xcdatamodeld */ = {
			isa = XCVersionGroup;
			children = (
				7F498B0C27722F4E00202413 /* SimpleNotesDataModel.xcdatamodel */,
			);
			currentVersion = 7F498B0C27722F4E00202413 /* SimpleNotesDataModel.xcdatamodel */;
			path = SimpleNotesDataModel.xcdatamodeld;
			sourceTree = "<group>";
			versionGroupType = wrapper.xcdatamodel;
		};
/* End XCVersionGroup section */
	};
	rootObject = 7FEBEC63276135DA0066F0C0 /* Project object */;
}
